{
  "nodes": {
    "dream2nix": {
      "inputs": {
        "nixpkgs": [
          "some-pkgs",
          "nixpkgs"
        ],
        "purescript-overlay": "purescript-overlay",
        "pyproject-nix": "pyproject-nix"
      },
      "locked": {
        "lastModified": 1704534571,
        "narHash": "sha256-4CqLjWFGXZn7DgLCsFIjmU6lfdTXm3tiKzh5SNj5pdc=",
        "owner": "nix-community",
        "repo": "dream2nix",
        "rev": "62f9486535d98ce862c78e1525b5c90fe6715a15",
        "type": "github"
      },
      "original": {
        "owner": "nix-community",
        "repo": "dream2nix",
        "type": "github"
      }
    },
    "flake-parts": {
      "inputs": {
        "nixpkgs-lib": "nixpkgs-lib"
      },
      "locked": {
        "lastModified": 1704982712,
        "narHash": "sha256-2Ptt+9h8dczgle2Oo6z5ni5rt/uLMG47UFTR1ry/wgg=",
        "path": "/nix/store/7d6xpsla7gw94hsbwsa79lkpnab269v4-source",
        "rev": "07f6395285469419cf9d078f59b5b49993198c00",
        "type": "path"
      },
      "original": {
        "id": "flake-parts",
        "type": "indirect"
      }
    },
    "nix-gl-host": {
      "inputs": {
        "nixpkgs": [
          "some-pkgs",
          "nixpkgs"
        ]
      },
      "locked": {
        "lastModified": 1696418759,
        "narHash": "sha256-YecI7dV+lqdFhpvoT2qDErrFpvxw66GuR7i+R7PKrHg=",
        "owner": "SomeoneSerge",
        "repo": "nix-gl-host",
        "rev": "d34c566615b34b3ab86e3d3b9d1b40f8bf4ac771",
        "type": "github"
      },
      "original": {
        "owner": "SomeoneSerge",
        "repo": "nix-gl-host",
        "type": "github"
      }
    },
    "nixpkgs": {
      "locked": {
        "lastModified": 1706371002,
        "narHash": "sha256-dwuorKimqSYgyu8Cw6ncKhyQjUDOyuXoxDTVmAXq88s=",
        "owner": "NixOS",
        "repo": "nixpkgs",
        "rev": "c002c6aa977ad22c60398daaa9be52f2203d0006",
        "type": "github"
      },
      "original": {
        "owner": "NixOS",
        "ref": "nixos-unstable",
        "repo": "nixpkgs",
        "type": "github"
      }
    },
    "nixpkgs-lib": {
      "locked": {
        "dir": "lib",
        "lastModified": 1703961334,
        "narHash": "sha256-M1mV/Cq+pgjk0rt6VxoyyD+O8cOUiai8t9Q6Yyq4noY=",
        "owner": "NixOS",
        "repo": "nixpkgs",
        "rev": "b0d36bd0a420ecee3bc916c91886caca87c894e9",
        "type": "github"
      },
      "original": {
        "dir": "lib",
        "owner": "NixOS",
        "ref": "nixos-unstable",
        "repo": "nixpkgs",
        "type": "github"
      }
    },
    "nixpkgs_2": {
      "locked": {
        "lastModified": 1704588796,
        "narHash": "sha256-6WJKgbo/ozOhIrn4U5RZddHp+K6AkONDxCbeE3b0I00=",
        "owner": "NixOS",
        "repo": "nixpkgs",
        "rev": "2c92367fc6afb7df4700782bccae881d81e02de9",
        "type": "github"
      },
      "original": {
        "owner": "NixOS",
        "ref": "master",
        "repo": "nixpkgs",
        "type": "github"
      }
    },
    "purescript-overlay": {
      "inputs": {
        "nixpkgs": [
          "some-pkgs",
          "dream2nix",
          "nixpkgs"
        ],
        "slimlock": "slimlock"
      },
      "locked": {
        "lastModified": 1696022621,
        "narHash": "sha256-eMjFmsj2G1E0Q5XiibUNgFjTiSz0GxIeSSzzVdoN730=",
        "owner": "thomashoneyman",
        "repo": "purescript-overlay",
        "rev": "047c7933abd6da8aa239904422e22d190ce55ead",
        "type": "github"
      },
      "original": {
        "owner": "thomashoneyman",
        "repo": "purescript-overlay",
        "type": "github"
      }
    },
    "pyproject-nix": {
      "flake": false,
      "locked": {
        "lastModified": 1702448246,
        "narHash": "sha256-hFg5s/hoJFv7tDpiGvEvXP0UfFvFEDgTdyHIjDVHu1I=",
        "owner": "davhau",
        "repo": "pyproject.nix",
        "rev": "5a06a2697b228c04dd2f35659b4b659ca74f7aeb",
        "type": "github"
      },
      "original": {
        "owner": "davhau",
        "ref": "dream2nix",
        "repo": "pyproject.nix",
        "type": "github"
      }
    },
    "root": {
      "inputs": {
        "flake-parts": "flake-parts",
        "nixpkgs": "nixpkgs",
        "some-pkgs": "some-pkgs"
      }
    },
    "slimlock": {
      "inputs": {
        "nixpkgs": [
          "some-pkgs",
          "dream2nix",
          "purescript-overlay",
          "nixpkgs"
        ]
      },
      "locked": {
        "lastModified": 1688610262,
        "narHash": "sha256-Wg0ViDotFWGWqKIQzyYCgayeH8s4U1OZcTiWTQYdAp4=",
        "owner": "thomashoneyman",
        "repo": "slimlock",
        "rev": "b5c6cdcaf636ebbebd0a1f32520929394493f1a6",
        "type": "github"
      },
      "original": {
        "owner": "thomashoneyman",
        "repo": "slimlock",
        "type": "github"
      }
    },
    "some-pkgs": {
      "inputs": {
        "dream2nix": "dream2nix",
        "nix-gl-host": "nix-gl-host",
        "nixpkgs": "nixpkgs_2"
      },
      "locked": {
        "lastModified": 1706207020,
        "narHash": "sha256-Nacc1gNfvvo08AzVA+VHlmrV9Ysspi7a9CSH2UroFMw=",
        "owner": "SomeoneSerge",
        "repo": "pkgs",
        "rev": "3e849bd1c45144f70b61c259a7f6326a33878a39",
        "type": "github"
      },
      "original": {
        "owner": "SomeoneSerge",
        "repo": "pkgs",
        "type": "github"
      }
    }
  },
  "root": "root",
  "version": 7
}
